
Microsoft Visual Studio Solution File, Format Version 12.00
# Visual Studio Version 16
VisualStudioVersion = 16.0.29728.190
MinimumVisualStudioVersion = 10.0.40219.1
Project("{8BC9CEB8-8B4A-11D0-8D11-00A0C91BC942}") = "BenchmarkMMX", "BenchmarkMMX.vcxproj", "{BA1F4616-0461-4578-94D6-514EFF7D44BD}"
EndProject
Global
	GlobalSection(SolutionConfigurationPlatforms) = preSolution
		Debug|x64 = Debug|x64
		Debug|x86 = Debug|x86
		Release|x64 = Release|x64
		Release|x86 = Release|x86
	EndGlobalSection
	GlobalSection(ProjectConfigurationPlatforms) = postSolution
		{BA1F4616-0461-4578-94D6-514EFF7D44BD}.Debug|x64.ActiveCfg = Debug|x64
		{BA1F4616-0461-4578-94D6-514EFF7D44BD}.Debug|x64.Build.0 = Debug|x64
		{BA1F4616-0461-4578-94D6-514EFF7D44BD}.Debug|x86.ActiveCfg = Debug|Win32
		{BA1F4616-0461-4578-94D6-514EFF7D44BD}.Debug|x86.Build.0 = Debug|Win32
		{BA1F4616-0461-4578-94D6-514EFF7D44BD}.Release|x64.ActiveCfg = Release|x64
		{BA1F4616-0461-4578-94D6-514EFF7D44BD}.Release|x64.Build.0 = Release|x64
		{BA1F4616-0461-4578-94D6-514EFF7D44BD}.Release|x86.ActiveCfg = Release|Win32
		{BA1F4616-0461-4578-94D6-514EFF7D44BD}.Release|x86.Build.0 = Release|Win32
	EndGlobalSection
	GlobalSection(SolutionProperties) = preSolution
		HideSolutionNode = FALSE
	EndGlobalSection
	GlobalSection(ExtensibilityGlobals) = postSolution
		SolutionGuid = {5A418141-6F53-4519-B91F-73923354D213}
	EndGlobalSection
EndGlobal
